
Microsoft Visual Studio Solution File, Format Version 12.00
# Visual Studio Version 16
VisualStudioVersion = 16.0.29613.14
MinimumVisualStudioVersion = 10.0.40219.1
Project("{2150E333-8FDC-42A3-9474-1A3956D46DE8}") = "_Solution", "_Solution", "{9B41443D-4D1E-4DF3-9DA5-522B0AAB40A0}"
	ProjectSection(SolutionItems) = preProject
		.editorconfig = .editorconfig
		.gitattributes = .gitattributes
		.gitignore = .gitignore
		CONTRIBUTING.md = CONTRIBUTING.md
		LICENSE = LICENSE
		README.md = README.md
	EndProjectSection
EndProject
Project("{2150E333-8FDC-42A3-9474-1A3956D46DE8}") = "Tests", "Tests", "{B4E782B6-CF03-4448-81D1-3E308D20BF2B}"
EndProject
Project("{9A19103F-16F7-4668-BE54-9A1E7A4F7556}") = "Sidekick.Business.Tests", "tests\Sidekick.Business.Tests\Sidekick.Business.Tests.csproj", "{CB17F2BF-322A-4EAE-9877-BB6B42C883A2}"
EndProject
Project("{9A19103F-16F7-4668-BE54-9A1E7A4F7556}") = "Sidekick.TestInfrastructure", "tests\Sidekick.TestInfrastructure\Sidekick.TestInfrastructure.csproj", "{D9ABF3A3-0264-43F8-96FD-EFC0A3DD4953}"
EndProject
Project("{9A19103F-16F7-4668-BE54-9A1E7A4F7556}") = "Sidekick.TestDataCollector", "tests\Sidekick.TestDataCollector\Sidekick.TestDataCollector.csproj", "{FE693B7F-DD26-44C4-A087-04220C0151C0}"
EndProject
Project("{9A19103F-16F7-4668-BE54-9A1E7A4F7556}") = "Sidekick.Mediator", "src\Sidekick.Mediator\Sidekick.Mediator.csproj", "{5248279F-EAC3-444C-B9BD-925C68E89A11}"
EndProject
Project("{2150E333-8FDC-42A3-9474-1A3956D46DE8}") = "Common", "Common", "{E4920CFB-0EED-44B1-AC8D-8F5ECBCB7788}"
EndProject
Project("{9A19103F-16F7-4668-BE54-9A1E7A4F7556}") = "Sidekick.Logging", "src\Sidekick.Logging\Sidekick.Logging.csproj", "{BDC69A0B-3D18-4720-BD78-FA34A6C81173}"
EndProject
Project("{9A19103F-16F7-4668-BE54-9A1E7A4F7556}") = "Sidekick.Domain", "src\Sidekick.Domain\Sidekick.Domain.csproj", "{E5F62F57-9FAB-430F-AD59-37CB3660E329}"
EndProject
Project("{9A19103F-16F7-4668-BE54-9A1E7A4F7556}") = "Sidekick.Application", "src\Sidekick.Application\Sidekick.Application.csproj", "{5A2D100E-5475-4951-AA01-83A6CBCFC71F}"
EndProject
Project("{9A19103F-16F7-4668-BE54-9A1E7A4F7556}") = "Sidekick.Presentation", "src\Sidekick.Presentation\Sidekick.Presentation.csproj", "{76DB7E71-66D9-4300-AE60-3E70ECD56778}"
EndProject
Project("{9A19103F-16F7-4668-BE54-9A1E7A4F7556}") = "Sidekick.Persistence", "src\Sidekick.Persistence\Sidekick.Persistence.csproj", "{A4D9D025-4013-43D4-8E69-4D07AE8205B7}"
EndProject
Project("{9A19103F-16F7-4668-BE54-9A1E7A4F7556}") = "Sidekick.Infrastructure", "src\Sidekick.Infrastructure\Sidekick.Infrastructure.csproj", "{A81460B5-7B3B-4122-86DE-7B710EF2416B}"
EndProject
Project("{9A19103F-16F7-4668-BE54-9A1E7A4F7556}") = "Sidekick.Extensions", "src\Sidekick.Extensions\Sidekick.Extensions.csproj", "{4135AA01-4A10-4574-B38D-103CF1359867}"
EndProject
Project("{9A19103F-16F7-4668-BE54-9A1E7A4F7556}") = "Sidekick.Presentation.Wpf", "src\Sidekick.Presentation.Wpf\Sidekick.Presentation.Wpf.csproj", "{7695E480-5FFC-40CD-86A5-C659274EB17B}"
EndProject
Project("{9A19103F-16F7-4668-BE54-9A1E7A4F7556}") = "Sidekick.Application.Tests", "tests\Sidekick.Application.Tests\Sidekick.Application.Tests.csproj", "{279A17F4-9C1A-4DAF-B77F-E8E43E64793D}"
EndProject
Project("{9A19103F-16F7-4668-BE54-9A1E7A4F7556}") = "Sidekick.Mapper", "src\Sidekick.Mapper\Sidekick.Mapper.csproj", "{8E09D8B1-46A3-438F-B1F3-DE3305521299}"
EndProject
Project("{9A19103F-16F7-4668-BE54-9A1E7A4F7556}") = "Sidekick.Presentation.Blazor", "src\Sidekick.Presentation.Blazor\Sidekick.Presentation.Blazor.csproj", "{361C0444-11F7-4EDC-A30E-C1F529C2EB79}"
EndProject
Project("{9A19103F-16F7-4668-BE54-9A1E7A4F7556}") = "Sidekick.Presentation.Blazor.Electron", "src\Sidekick.Presentation.Blazor.Electron\Sidekick.Presentation.Blazor.Electron.csproj", "{B7A98AE6-7AF7-4767-91F8-7FDCD08AC8E0}"
EndProject
Project("{2150E333-8FDC-42A3-9474-1A3956D46DE8}") = "Platforms", "Platforms", "{FE50D09B-DA05-42C4-9A8C-014EC3A24B25}"
EndProject
Project("{9A19103F-16F7-4668-BE54-9A1E7A4F7556}") = "Sidekick.Platform.Windows", "src\Sidekick.Platform.Windows\Sidekick.Platform.Windows.csproj", "{0C6A5536-70E4-4723-BBCE-702E10F100DF}"
EndProject
Project("{9A19103F-16F7-4668-BE54-9A1E7A4F7556}") = "Sidekick.Platform", "src\Sidekick.Platform\Sidekick.Platform.csproj", "{243A7096-6057-4F7E-8813-30C6A03B03A8}"
EndProject
Project("{2150E333-8FDC-42A3-9474-1A3956D46DE8}") = "Windows", "Windows", "{5410FE74-2670-4397-9E60-0D29AE6B5E7C}"
EndProject
Project("{FAE04EC0-301F-11D3-BF4B-00C04F79EFBC}") = "Sidekick.Platform.Windows.SendKeys", "src\Sidekick.Platform.Windows.SendKeys\Sidekick.Platform.Windows.SendKeys.csproj", "{207C3D13-A8FE-4950-B63C-A560C36E4BFD}"
EndProject
Global
	GlobalSection(SolutionConfigurationPlatforms) = preSolution
		Debug|Any CPU = Debug|Any CPU
		Release|Any CPU = Release|Any CPU
	EndGlobalSection
	GlobalSection(ProjectConfigurationPlatforms) = postSolution
		{CB17F2BF-322A-4EAE-9877-BB6B42C883A2}.Debug|Any CPU.ActiveCfg = Debug|Any CPU
		{CB17F2BF-322A-4EAE-9877-BB6B42C883A2}.Debug|Any CPU.Build.0 = Debug|Any CPU
		{CB17F2BF-322A-4EAE-9877-BB6B42C883A2}.Release|Any CPU.ActiveCfg = Release|Any CPU
		{CB17F2BF-322A-4EAE-9877-BB6B42C883A2}.Release|Any CPU.Build.0 = Release|Any CPU
		{D9ABF3A3-0264-43F8-96FD-EFC0A3DD4953}.Debug|Any CPU.ActiveCfg = Debug|Any CPU
		{D9ABF3A3-0264-43F8-96FD-EFC0A3DD4953}.Debug|Any CPU.Build.0 = Debug|Any CPU
		{D9ABF3A3-0264-43F8-96FD-EFC0A3DD4953}.Release|Any CPU.ActiveCfg = Release|Any CPU
		{D9ABF3A3-0264-43F8-96FD-EFC0A3DD4953}.Release|Any CPU.Build.0 = Release|Any CPU
		{FE693B7F-DD26-44C4-A087-04220C0151C0}.Debug|Any CPU.ActiveCfg = Debug|Any CPU
		{FE693B7F-DD26-44C4-A087-04220C0151C0}.Debug|Any CPU.Build.0 = Debug|Any CPU
		{FE693B7F-DD26-44C4-A087-04220C0151C0}.Release|Any CPU.ActiveCfg = Release|Any CPU
		{FE693B7F-DD26-44C4-A087-04220C0151C0}.Release|Any CPU.Build.0 = Release|Any CPU
		{5248279F-EAC3-444C-B9BD-925C68E89A11}.Debug|Any CPU.ActiveCfg = Debug|Any CPU
		{5248279F-EAC3-444C-B9BD-925C68E89A11}.Debug|Any CPU.Build.0 = Debug|Any CPU
		{5248279F-EAC3-444C-B9BD-925C68E89A11}.Release|Any CPU.ActiveCfg = Release|Any CPU
		{5248279F-EAC3-444C-B9BD-925C68E89A11}.Release|Any CPU.Build.0 = Release|Any CPU
		{BDC69A0B-3D18-4720-BD78-FA34A6C81173}.Debug|Any CPU.ActiveCfg = Debug|Any CPU
		{BDC69A0B-3D18-4720-BD78-FA34A6C81173}.Debug|Any CPU.Build.0 = Debug|Any CPU
		{BDC69A0B-3D18-4720-BD78-FA34A6C81173}.Release|Any CPU.ActiveCfg = Release|Any CPU
		{BDC69A0B-3D18-4720-BD78-FA34A6C81173}.Release|Any CPU.Build.0 = Release|Any CPU
		{E5F62F57-9FAB-430F-AD59-37CB3660E329}.Debug|Any CPU.ActiveCfg = Debug|Any CPU
		{E5F62F57-9FAB-430F-AD59-37CB3660E329}.Debug|Any CPU.Build.0 = Debug|Any CPU
		{E5F62F57-9FAB-430F-AD59-37CB3660E329}.Release|Any CPU.ActiveCfg = Release|Any CPU
		{E5F62F57-9FAB-430F-AD59-37CB3660E329}.Release|Any CPU.Build.0 = Release|Any CPU
		{5A2D100E-5475-4951-AA01-83A6CBCFC71F}.Debug|Any CPU.ActiveCfg = Debug|Any CPU
		{5A2D100E-5475-4951-AA01-83A6CBCFC71F}.Debug|Any CPU.Build.0 = Debug|Any CPU
		{5A2D100E-5475-4951-AA01-83A6CBCFC71F}.Release|Any CPU.ActiveCfg = Release|Any CPU
		{5A2D100E-5475-4951-AA01-83A6CBCFC71F}.Release|Any CPU.Build.0 = Release|Any CPU
		{76DB7E71-66D9-4300-AE60-3E70ECD56778}.Debug|Any CPU.ActiveCfg = Debug|Any CPU
		{76DB7E71-66D9-4300-AE60-3E70ECD56778}.Debug|Any CPU.Build.0 = Debug|Any CPU
		{76DB7E71-66D9-4300-AE60-3E70ECD56778}.Release|Any CPU.ActiveCfg = Release|Any CPU
		{76DB7E71-66D9-4300-AE60-3E70ECD56778}.Release|Any CPU.Build.0 = Release|Any CPU
		{A4D9D025-4013-43D4-8E69-4D07AE8205B7}.Debug|Any CPU.ActiveCfg = Debug|Any CPU
		{A4D9D025-4013-43D4-8E69-4D07AE8205B7}.Debug|Any CPU.Build.0 = Debug|Any CPU
		{A4D9D025-4013-43D4-8E69-4D07AE8205B7}.Release|Any CPU.ActiveCfg = Release|Any CPU
		{A4D9D025-4013-43D4-8E69-4D07AE8205B7}.Release|Any CPU.Build.0 = Release|Any CPU
		{A81460B5-7B3B-4122-86DE-7B710EF2416B}.Debug|Any CPU.ActiveCfg = Debug|Any CPU
		{A81460B5-7B3B-4122-86DE-7B710EF2416B}.Debug|Any CPU.Build.0 = Debug|Any CPU
		{A81460B5-7B3B-4122-86DE-7B710EF2416B}.Release|Any CPU.ActiveCfg = Release|Any CPU
		{A81460B5-7B3B-4122-86DE-7B710EF2416B}.Release|Any CPU.Build.0 = Release|Any CPU
		{4135AA01-4A10-4574-B38D-103CF1359867}.Debug|Any CPU.ActiveCfg = Debug|Any CPU
		{4135AA01-4A10-4574-B38D-103CF1359867}.Debug|Any CPU.Build.0 = Debug|Any CPU
		{4135AA01-4A10-4574-B38D-103CF1359867}.Release|Any CPU.ActiveCfg = Release|Any CPU
		{4135AA01-4A10-4574-B38D-103CF1359867}.Release|Any CPU.Build.0 = Release|Any CPU
		{7695E480-5FFC-40CD-86A5-C659274EB17B}.Debug|Any CPU.ActiveCfg = Debug|Any CPU
		{7695E480-5FFC-40CD-86A5-C659274EB17B}.Debug|Any CPU.Build.0 = Debug|Any CPU
		{7695E480-5FFC-40CD-86A5-C659274EB17B}.Release|Any CPU.ActiveCfg = Release|Any CPU
		{7695E480-5FFC-40CD-86A5-C659274EB17B}.Release|Any CPU.Build.0 = Release|Any CPU
		{279A17F4-9C1A-4DAF-B77F-E8E43E64793D}.Debug|Any CPU.ActiveCfg = Debug|Any CPU
		{279A17F4-9C1A-4DAF-B77F-E8E43E64793D}.Debug|Any CPU.Build.0 = Debug|Any CPU
		{279A17F4-9C1A-4DAF-B77F-E8E43E64793D}.Release|Any CPU.ActiveCfg = Release|Any CPU
		{279A17F4-9C1A-4DAF-B77F-E8E43E64793D}.Release|Any CPU.Build.0 = Release|Any CPU
		{8E09D8B1-46A3-438F-B1F3-DE3305521299}.Debug|Any CPU.ActiveCfg = Debug|Any CPU
		{8E09D8B1-46A3-438F-B1F3-DE3305521299}.Debug|Any CPU.Build.0 = Debug|Any CPU
		{8E09D8B1-46A3-438F-B1F3-DE3305521299}.Release|Any CPU.ActiveCfg = Release|Any CPU
		{8E09D8B1-46A3-438F-B1F3-DE3305521299}.Release|Any CPU.Build.0 = Release|Any CPU
		{361C0444-11F7-4EDC-A30E-C1F529C2EB79}.Debug|Any CPU.ActiveCfg = Debug|Any CPU
		{361C0444-11F7-4EDC-A30E-C1F529C2EB79}.Debug|Any CPU.Build.0 = Debug|Any CPU
		{361C0444-11F7-4EDC-A30E-C1F529C2EB79}.Release|Any CPU.ActiveCfg = Release|Any CPU
		{361C0444-11F7-4EDC-A30E-C1F529C2EB79}.Release|Any CPU.Build.0 = Release|Any CPU
		{B7A98AE6-7AF7-4767-91F8-7FDCD08AC8E0}.Debug|Any CPU.ActiveCfg = Debug|Any CPU
		{B7A98AE6-7AF7-4767-91F8-7FDCD08AC8E0}.Debug|Any CPU.Build.0 = Debug|Any CPU
		{B7A98AE6-7AF7-4767-91F8-7FDCD08AC8E0}.Release|Any CPU.ActiveCfg = Release|Any CPU
		{B7A98AE6-7AF7-4767-91F8-7FDCD08AC8E0}.Release|Any CPU.Build.0 = Release|Any CPU
		{0C6A5536-70E4-4723-BBCE-702E10F100DF}.Debug|Any CPU.ActiveCfg = Debug|Any CPU
		{0C6A5536-70E4-4723-BBCE-702E10F100DF}.Debug|Any CPU.Build.0 = Debug|Any CPU
		{0C6A5536-70E4-4723-BBCE-702E10F100DF}.Release|Any CPU.ActiveCfg = Release|Any CPU
		{0C6A5536-70E4-4723-BBCE-702E10F100DF}.Release|Any CPU.Build.0 = Release|Any CPU
		{243A7096-6057-4F7E-8813-30C6A03B03A8}.Debug|Any CPU.ActiveCfg = Debug|Any CPU
		{243A7096-6057-4F7E-8813-30C6A03B03A8}.Debug|Any CPU.Build.0 = Debug|Any CPU
		{243A7096-6057-4F7E-8813-30C6A03B03A8}.Release|Any CPU.ActiveCfg = Release|Any CPU
		{243A7096-6057-4F7E-8813-30C6A03B03A8}.Release|Any CPU.Build.0 = Release|Any CPU
		{207C3D13-A8FE-4950-B63C-A560C36E4BFD}.Debug|Any CPU.ActiveCfg = Release|Any CPU
		{207C3D13-A8FE-4950-B63C-A560C36E4BFD}.Debug|Any CPU.Build.0 = Release|Any CPU
		{207C3D13-A8FE-4950-B63C-A560C36E4BFD}.Release|Any CPU.ActiveCfg = Release|Any CPU
		{207C3D13-A8FE-4950-B63C-A560C36E4BFD}.Release|Any CPU.Build.0 = Release|Any CPU
	EndGlobalSection
	GlobalSection(SolutionProperties) = preSolution
		HideSolutionNode = FALSE
	EndGlobalSection
	GlobalSection(NestedProjects) = preSolution
		{CB17F2BF-322A-4EAE-9877-BB6B42C883A2} = {B4E782B6-CF03-4448-81D1-3E308D20BF2B}
		{D9ABF3A3-0264-43F8-96FD-EFC0A3DD4953} = {B4E782B6-CF03-4448-81D1-3E308D20BF2B}
		{FE693B7F-DD26-44C4-A087-04220C0151C0} = {B4E782B6-CF03-4448-81D1-3E308D20BF2B}
		{5248279F-EAC3-444C-B9BD-925C68E89A11} = {E4920CFB-0EED-44B1-AC8D-8F5ECBCB7788}
		{BDC69A0B-3D18-4720-BD78-FA34A6C81173} = {E4920CFB-0EED-44B1-AC8D-8F5ECBCB7788}
		{4135AA01-4A10-4574-B38D-103CF1359867} = {E4920CFB-0EED-44B1-AC8D-8F5ECBCB7788}
		{279A17F4-9C1A-4DAF-B77F-E8E43E64793D} = {B4E782B6-CF03-4448-81D1-3E308D20BF2B}
		{8E09D8B1-46A3-438F-B1F3-DE3305521299} = {E4920CFB-0EED-44B1-AC8D-8F5ECBCB7788}
		{0C6A5536-70E4-4723-BBCE-702E10F100DF} = {5410FE74-2670-4397-9E60-0D29AE6B5E7C}
		{243A7096-6057-4F7E-8813-30C6A03B03A8} = {FE50D09B-DA05-42C4-9A8C-014EC3A24B25}
		{5410FE74-2670-4397-9E60-0D29AE6B5E7C} = {FE50D09B-DA05-42C4-9A8C-014EC3A24B25}
		{207C3D13-A8FE-4950-B63C-A560C36E4BFD} = {5410FE74-2670-4397-9E60-0D29AE6B5E7C}
	EndGlobalSection
	GlobalSection(ExtensibilityGlobals) = postSolution
		SolutionGuid = {17B5631D-95B3-4007-BE6B-C9BBE799D014}
	EndGlobalSection
EndGlobal
