
Microsoft Visual Studio Solution File, Format Version 12.00
# Visual Studio Version 16
VisualStudioVersion = 16.0.29613.14
MinimumVisualStudioVersion = 10.0.40219.1
Project("{2150E333-8FDC-42A3-9474-1A3956D46DE8}") = "_Solution", "_Solution", "{9B41443D-4D1E-4DF3-9DA5-522B0AAB40A0}"
	ProjectSection(SolutionItems) = preProject
		.editorconfig = .editorconfig
		.gitattributes = .gitattributes
		.gitignore = .gitignore
		CONTRIBUTING.md = CONTRIBUTING.md
		LICENSE = LICENSE
		README.md = README.md
	EndProjectSection
EndProject
Project("{9A19103F-16F7-4668-BE54-9A1E7A4F7556}") = "Sidekick.Business", "src\Sidekick.Business\Sidekick.Business.csproj", "{E14E16C1-3570-4886-9732-C942EFAE46E0}"
EndProject
Project("{9A19103F-16F7-4668-BE54-9A1E7A4F7556}") = "Sidekick.Core", "src\Sidekick.Core\Sidekick.Core.csproj", "{1F6D0041-F405-4C9C-883C-F486D4CC2E09}"
EndProject
Project("{9A19103F-16F7-4668-BE54-9A1E7A4F7556}") = "Sidekick", "src\Sidekick\Sidekick.csproj", "{DBDA2C98-1E9D-4E5B-866B-297FF28B824E}"
EndProject
Project("{9A19103F-16F7-4668-BE54-9A1E7A4F7556}") = "Sidekick.Localization", "src\Sidekick.Localization\Sidekick.Localization.csproj", "{C7A61A43-9474-415E-84AD-381E45003C6F}"
EndProject
Project("{2150E333-8FDC-42A3-9474-1A3956D46DE8}") = "Tests", "Tests", "{B4E782B6-CF03-4448-81D1-3E308D20BF2B}"
EndProject
Project("{9A19103F-16F7-4668-BE54-9A1E7A4F7556}") = "Sidekick.Business.Tests", "tests\Sidekick.Business.Tests\Sidekick.Business.Tests.csproj", "{CB17F2BF-322A-4EAE-9877-BB6B42C883A2}"
EndProject
Project("{9A19103F-16F7-4668-BE54-9A1E7A4F7556}") = "Sidekick.TestInfrastructure", "tests\Sidekick.TestInfrastructure\Sidekick.TestInfrastructure.csproj", "{D9ABF3A3-0264-43F8-96FD-EFC0A3DD4953}"
EndProject
Project("{9A19103F-16F7-4668-BE54-9A1E7A4F7556}") = "Sidekick.TestDataCollector", "tests\Sidekick.TestDataCollector\Sidekick.TestDataCollector.csproj", "{FE693B7F-DD26-44C4-A087-04220C0151C0}"
EndProject
Project("{9A19103F-16F7-4668-BE54-9A1E7A4F7556}") = "Sidekick.Database", "src\Sidekick.Database\Sidekick.Database.csproj", "{371624EA-3318-4825-B991-734C089373FC}"
EndProject
Project("{FAE04EC0-301F-11D3-BF4B-00C04F79EFBC}") = "Sidekick.Mediator", "src\Sidekick.Mediator\Sidekick.Mediator.csproj", "{5248279F-EAC3-444C-B9BD-925C68E89A11}"
EndProject
Project("{2150E333-8FDC-42A3-9474-1A3956D46DE8}") = "BuildingBlocks", "BuildingBlocks", "{E4920CFB-0EED-44B1-AC8D-8F5ECBCB7788}"
EndProject
Project("{2150E333-8FDC-42A3-9474-1A3956D46DE8}") = "Source", "Source", "{4B9078E1-49F5-46A8-A13F-BD9EFAF03A2F}"
EndProject
Project("{2150E333-8FDC-42A3-9474-1A3956D46DE8}") = "Persistence", "Persistence", "{0B5371F3-3E8A-49BF-B4F1-293061AA8119}"
EndProject
Project("{2150E333-8FDC-42A3-9474-1A3956D46DE8}") = "Presentation", "Presentation", "{870D61BF-BA40-4E7F-887B-7DB97E376EAB}"
EndProject
Project("{2150E333-8FDC-42A3-9474-1A3956D46DE8}") = "Application", "Application", "{3F1B2E90-93F0-48C6-B65C-B555E54C0474}"
EndProject
Project("{2150E333-8FDC-42A3-9474-1A3956D46DE8}") = "Domain", "Domain", "{BB28E7E7-FD5C-4793-8A50-629E02021022}"
EndProject
Project("{2150E333-8FDC-42A3-9474-1A3956D46DE8}") = "Infrastructure", "Infrastructure", "{147D584D-AC9C-4735-8F6C-6C95B82148BF}"
EndProject
Project("{FAE04EC0-301F-11D3-BF4B-00C04F79EFBC}") = "Sidekick.Logging", "src\Sidekick.Logging\Sidekick.Logging.csproj", "{BDC69A0B-3D18-4720-BD78-FA34A6C81173}"
EndProject
Global
	GlobalSection(SolutionConfigurationPlatforms) = preSolution
		Debug|Any CPU = Debug|Any CPU
		Release|Any CPU = Release|Any CPU
	EndGlobalSection
	GlobalSection(ProjectConfigurationPlatforms) = postSolution
		{E14E16C1-3570-4886-9732-C942EFAE46E0}.Debug|Any CPU.ActiveCfg = Debug|Any CPU
		{E14E16C1-3570-4886-9732-C942EFAE46E0}.Debug|Any CPU.Build.0 = Debug|Any CPU
		{E14E16C1-3570-4886-9732-C942EFAE46E0}.Release|Any CPU.ActiveCfg = Release|Any CPU
		{E14E16C1-3570-4886-9732-C942EFAE46E0}.Release|Any CPU.Build.0 = Release|Any CPU
		{1F6D0041-F405-4C9C-883C-F486D4CC2E09}.Debug|Any CPU.ActiveCfg = Debug|Any CPU
		{1F6D0041-F405-4C9C-883C-F486D4CC2E09}.Debug|Any CPU.Build.0 = Debug|Any CPU
		{1F6D0041-F405-4C9C-883C-F486D4CC2E09}.Release|Any CPU.ActiveCfg = Release|Any CPU
		{1F6D0041-F405-4C9C-883C-F486D4CC2E09}.Release|Any CPU.Build.0 = Release|Any CPU
		{DBDA2C98-1E9D-4E5B-866B-297FF28B824E}.Debug|Any CPU.ActiveCfg = Debug|Any CPU
		{DBDA2C98-1E9D-4E5B-866B-297FF28B824E}.Debug|Any CPU.Build.0 = Debug|Any CPU
		{DBDA2C98-1E9D-4E5B-866B-297FF28B824E}.Release|Any CPU.ActiveCfg = Release|Any CPU
		{DBDA2C98-1E9D-4E5B-866B-297FF28B824E}.Release|Any CPU.Build.0 = Release|Any CPU
		{C7A61A43-9474-415E-84AD-381E45003C6F}.Debug|Any CPU.ActiveCfg = Debug|Any CPU
		{C7A61A43-9474-415E-84AD-381E45003C6F}.Debug|Any CPU.Build.0 = Debug|Any CPU
		{C7A61A43-9474-415E-84AD-381E45003C6F}.Release|Any CPU.ActiveCfg = Release|Any CPU
		{C7A61A43-9474-415E-84AD-381E45003C6F}.Release|Any CPU.Build.0 = Release|Any CPU
		{CB17F2BF-322A-4EAE-9877-BB6B42C883A2}.Debug|Any CPU.ActiveCfg = Debug|Any CPU
		{CB17F2BF-322A-4EAE-9877-BB6B42C883A2}.Debug|Any CPU.Build.0 = Debug|Any CPU
		{CB17F2BF-322A-4EAE-9877-BB6B42C883A2}.Release|Any CPU.ActiveCfg = Release|Any CPU
		{CB17F2BF-322A-4EAE-9877-BB6B42C883A2}.Release|Any CPU.Build.0 = Release|Any CPU
		{D9ABF3A3-0264-43F8-96FD-EFC0A3DD4953}.Debug|Any CPU.ActiveCfg = Debug|Any CPU
		{D9ABF3A3-0264-43F8-96FD-EFC0A3DD4953}.Debug|Any CPU.Build.0 = Debug|Any CPU
		{D9ABF3A3-0264-43F8-96FD-EFC0A3DD4953}.Release|Any CPU.ActiveCfg = Release|Any CPU
		{D9ABF3A3-0264-43F8-96FD-EFC0A3DD4953}.Release|Any CPU.Build.0 = Release|Any CPU
		{FE693B7F-DD26-44C4-A087-04220C0151C0}.Debug|Any CPU.ActiveCfg = Debug|Any CPU
		{FE693B7F-DD26-44C4-A087-04220C0151C0}.Debug|Any CPU.Build.0 = Debug|Any CPU
		{FE693B7F-DD26-44C4-A087-04220C0151C0}.Release|Any CPU.ActiveCfg = Release|Any CPU
		{FE693B7F-DD26-44C4-A087-04220C0151C0}.Release|Any CPU.Build.0 = Release|Any CPU
		{371624EA-3318-4825-B991-734C089373FC}.Debug|Any CPU.ActiveCfg = Debug|Any CPU
		{371624EA-3318-4825-B991-734C089373FC}.Debug|Any CPU.Build.0 = Debug|Any CPU
		{371624EA-3318-4825-B991-734C089373FC}.Release|Any CPU.ActiveCfg = Release|Any CPU
		{371624EA-3318-4825-B991-734C089373FC}.Release|Any CPU.Build.0 = Release|Any CPU
		{5248279F-EAC3-444C-B9BD-925C68E89A11}.Debug|Any CPU.ActiveCfg = Debug|Any CPU
		{5248279F-EAC3-444C-B9BD-925C68E89A11}.Debug|Any CPU.Build.0 = Debug|Any CPU
		{5248279F-EAC3-444C-B9BD-925C68E89A11}.Release|Any CPU.ActiveCfg = Release|Any CPU
		{5248279F-EAC3-444C-B9BD-925C68E89A11}.Release|Any CPU.Build.0 = Release|Any CPU
		{BDC69A0B-3D18-4720-BD78-FA34A6C81173}.Debug|Any CPU.ActiveCfg = Debug|Any CPU
		{BDC69A0B-3D18-4720-BD78-FA34A6C81173}.Debug|Any CPU.Build.0 = Debug|Any CPU
		{BDC69A0B-3D18-4720-BD78-FA34A6C81173}.Release|Any CPU.ActiveCfg = Release|Any CPU
		{BDC69A0B-3D18-4720-BD78-FA34A6C81173}.Release|Any CPU.Build.0 = Release|Any CPU
	EndGlobalSection
	GlobalSection(SolutionProperties) = preSolution
		HideSolutionNode = FALSE
	EndGlobalSection
	GlobalSection(NestedProjects) = preSolution
		{E14E16C1-3570-4886-9732-C942EFAE46E0} = {3F1B2E90-93F0-48C6-B65C-B555E54C0474}
		{1F6D0041-F405-4C9C-883C-F486D4CC2E09} = {BB28E7E7-FD5C-4793-8A50-629E02021022}
		{DBDA2C98-1E9D-4E5B-866B-297FF28B824E} = {870D61BF-BA40-4E7F-887B-7DB97E376EAB}
		{C7A61A43-9474-415E-84AD-381E45003C6F} = {870D61BF-BA40-4E7F-887B-7DB97E376EAB}
		{CB17F2BF-322A-4EAE-9877-BB6B42C883A2} = {B4E782B6-CF03-4448-81D1-3E308D20BF2B}
		{D9ABF3A3-0264-43F8-96FD-EFC0A3DD4953} = {B4E782B6-CF03-4448-81D1-3E308D20BF2B}
		{FE693B7F-DD26-44C4-A087-04220C0151C0} = {B4E782B6-CF03-4448-81D1-3E308D20BF2B}
		{371624EA-3318-4825-B991-734C089373FC} = {0B5371F3-3E8A-49BF-B4F1-293061AA8119}
		{5248279F-EAC3-444C-B9BD-925C68E89A11} = {E4920CFB-0EED-44B1-AC8D-8F5ECBCB7788}
		{E4920CFB-0EED-44B1-AC8D-8F5ECBCB7788} = {4B9078E1-49F5-46A8-A13F-BD9EFAF03A2F}
		{0B5371F3-3E8A-49BF-B4F1-293061AA8119} = {4B9078E1-49F5-46A8-A13F-BD9EFAF03A2F}
		{870D61BF-BA40-4E7F-887B-7DB97E376EAB} = {4B9078E1-49F5-46A8-A13F-BD9EFAF03A2F}
		{3F1B2E90-93F0-48C6-B65C-B555E54C0474} = {4B9078E1-49F5-46A8-A13F-BD9EFAF03A2F}
		{BB28E7E7-FD5C-4793-8A50-629E02021022} = {4B9078E1-49F5-46A8-A13F-BD9EFAF03A2F}
		{147D584D-AC9C-4735-8F6C-6C95B82148BF} = {4B9078E1-49F5-46A8-A13F-BD9EFAF03A2F}
		{BDC69A0B-3D18-4720-BD78-FA34A6C81173} = {E4920CFB-0EED-44B1-AC8D-8F5ECBCB7788}
	EndGlobalSection
	GlobalSection(ExtensibilityGlobals) = postSolution
		SolutionGuid = {17B5631D-95B3-4007-BE6B-C9BBE799D014}
	EndGlobalSection
EndGlobal
