{
  "name": "electron-host-hook",
  "version": "1.0.0",
  "lockfileVersion": 1,
  "requires": true,
  "dependencies": {
    "@types/engine.io": {
      "version": "3.1.4",
      "resolved": "https://registry.npmjs.org/@types/engine.io/-/engine.io-3.1.4.tgz",
      "integrity": "sha512-98rXVukLD6/ozrQ2O80NAlWDGA4INg+tqsEReWJldqyi2fulC9V7Use/n28SWgROXKm6003ycWV4gZHoF8GA6w==",
      "dev": true,
      "requires": {
        "@types/node": "*"
      }
    },
    "@types/node": {
      "version": "14.14.19",
      "resolved": "https://registry.npmjs.org/@types/node/-/node-14.14.19.tgz",
      "integrity": "sha512-4nhBPStMK04rruRVtVc6cDqhu7S9GZai0fpXgPXrFpcPX6Xul8xnrjSdGB4KPBVYG/R5+fXWdCM8qBoiULWGPQ==",
      "dev": true
    },
    "@types/socket.io": {
      "version": "2.1.12",
      "resolved": "https://registry.npmjs.org/@types/socket.io/-/socket.io-2.1.12.tgz",
      "integrity": "sha512-oStc5VFkpb0AsjOxQUj9ztX5Iziatyla/rjZTYbFGoVrrKwd+JU2mtxk7iSl5RGYx9WunLo6UXW1fBzQok/ZyA==",
      "dev": true,
      "requires": {
        "@types/engine.io": "*",
        "@types/node": "*",
        "@types/socket.io-parser": "*"
      }
    },
    "@types/socket.io-parser": {
      "version": "2.2.1",
      "resolved": "https://registry.npmjs.org/@types/socket.io-parser/-/socket.io-parser-2.2.1.tgz",
      "integrity": "sha512-+JNb+7N7tSINyXPxAJb62+NcpC1x/fPn7z818W4xeNCdPTp6VsO/X8fCsg6+ug4a56m1v9sEiTIIUKVupcHOFQ==",
      "dev": true,
      "requires": {
        "@types/node": "*"
      }
    },
    "typescript": {
      "version": "3.9.7",
      "resolved": "https://registry.npmjs.org/typescript/-/typescript-3.9.7.tgz",
      "integrity": "sha512-BLbiRkiBzAwsjut4x/dsibSTB6yWpwT5qWmC2OfuCg3GgVQCSgMs4vEctYPhsaGtd0AeuuHMkjZ2h2WG8MSzRw==",
      "dev": true
    }
  }
}
