
Microsoft Visual Studio Solution File, Format Version 12.00
# Visual Studio Version 16
VisualStudioVersion = 16.0.29613.14
MinimumVisualStudioVersion = 10.0.40219.1
Project("{9A19103F-16F7-4668-BE54-9A1E7A4F7556}") = "Sidekick", "Sidekick.csproj", "{9ED8EEAA-EB64-4D96-991F-958D2C9A42E1}"
EndProject
Project("{FAE04EC0-301F-11D3-BF4B-00C04F79EFBC}") = "Test", "..\Test\Test.csproj", "{79253220-2BEE-413E-80FA-2AEEE1263419}"
EndProject
Global
	GlobalSection(SolutionConfigurationPlatforms) = preSolution
		Debug|Any CPU = Debug|Any CPU
		Release|Any CPU = Release|Any CPU
	EndGlobalSection
	GlobalSection(ProjectConfigurationPlatforms) = postSolution
		{9ED8EEAA-EB64-4D96-991F-958D2C9A42E1}.Debug|Any CPU.ActiveCfg = Debug|Any CPU
		{9ED8EEAA-EB64-4D96-991F-958D2C9A42E1}.Debug|Any CPU.Build.0 = Debug|Any CPU
		{9ED8EEAA-EB64-4D96-991F-958D2C9A42E1}.Release|Any CPU.ActiveCfg = Release|Any CPU
		{9ED8EEAA-EB64-4D96-991F-958D2C9A42E1}.Release|Any CPU.Build.0 = Release|Any CPU
		{79253220-2BEE-413E-80FA-2AEEE1263419}.Debug|Any CPU.ActiveCfg = Debug|Any CPU
		{79253220-2BEE-413E-80FA-2AEEE1263419}.Debug|Any CPU.Build.0 = Debug|Any CPU
		{79253220-2BEE-413E-80FA-2AEEE1263419}.Release|Any CPU.ActiveCfg = Release|Any CPU
		{79253220-2BEE-413E-80FA-2AEEE1263419}.Release|Any CPU.Build.0 = Release|Any CPU
	EndGlobalSection
	GlobalSection(SolutionProperties) = preSolution
		HideSolutionNode = FALSE
	EndGlobalSection
	GlobalSection(ExtensibilityGlobals) = postSolution
		SolutionGuid = {17B5631D-95B3-4007-BE6B-C9BBE799D014}
	EndGlobalSection
EndGlobal
